
Microsoft Visual Studio Solution File, Format Version 12.00
# Visual Studio Version 16
VisualStudioVersion = 16.0.29709.97
MinimumVisualStudioVersion = 10.0.40219.1
Project("{FAE04EC0-301F-11D3-BF4B-00C04F79EFBC}") = "HomeWork", "HomeWork.csproj", "{221DA4E7-64D4-4E87-A1F6-0FFA8EBC7761}"
EndProject
Global
	GlobalSection(SolutionConfigurationPlatforms) = preSolution
		Debug|Any CPU = Debug|Any CPU
		Release|Any CPU = Release|Any CPU
	EndGlobalSection
	GlobalSection(ProjectConfigurationPlatforms) = postSolution
		{221DA4E7-64D4-4E87-A1F6-0FFA8EBC7761}.Debug|Any CPU.ActiveCfg = Debug|Any CPU
		{221DA4E7-64D4-4E87-A1F6-0FFA8EBC7761}.Debug|Any CPU.Build.0 = Debug|Any CPU
		{221DA4E7-64D4-4E87-A1F6-0FFA8EBC7761}.Release|Any CPU.ActiveCfg = Release|Any CPU
		{221DA4E7-64D4-4E87-A1F6-0FFA8EBC7761}.Release|Any CPU.Build.0 = Release|Any CPU
	EndGlobalSection
	GlobalSection(SolutionProperties) = preSolution
		HideSolutionNode = FALSE
	EndGlobalSection
	GlobalSection(ExtensibilityGlobals) = postSolution
		SolutionGuid = {A2EA084D-2F76-48E1-A37A-5FF0D529FB22}
	EndGlobalSection
EndGlobal
